// !$*UTF8*$!
{
	archiveVersion = 1;
	classes = {
	};
	objectVersion = 56;
	objects = {

/* Begin PBXBuildFile section */
		E029212C2C1D58E800A12B1D /* SettingTableViewCell.swift in Sources */ = {isa = PBXBuildFile; fileRef = E029212B2C1D58E800A12B1D /* SettingTableViewCell.swift */; };
		E02921302C1D601000A12B1D /* CustomLabel.swift in Sources */ = {isa = PBXBuildFile; fileRef = E029212F2C1D601000A12B1D /* CustomLabel.swift */; };
		E02921322C1D615100A12B1D /* CustomImageView.swift in Sources */ = {isa = PBXBuildFile; fileRef = E02921312C1D615100A12B1D /* CustomImageView.swift */; };
		E02921382C1D7F3E00A12B1D /* UIViewController + Extension.swift in Sources */ = {isa = PBXBuildFile; fileRef = E02921372C1D7F3E00A12B1D /* UIViewController + Extension.swift */; };
		E03711202C1EBE6700BDBD5B /* ProfileBadgeView.swift in Sources */ = {isa = PBXBuildFile; fileRef = E037111F2C1EBE6700BDBD5B /* ProfileBadgeView.swift */; };
		E075645C2C2CE94D0065413D /* NetworkRequestCase.swift in Sources */ = {isa = PBXBuildFile; fileRef = E075645B2C2CE94D0065413D /* NetworkRequestCase.swift */; };
		E075645F2C2D09070065413D /* AlertCase.swift in Sources */ = {isa = PBXBuildFile; fileRef = E075645E2C2D09070065413D /* AlertCase.swift */; };
		E07564612C2D0A6A0065413D /* ResourceCase.swift in Sources */ = {isa = PBXBuildFile; fileRef = E07564602C2D0A6A0065413D /* ResourceCase.swift */; };
		E07564632C2D0ADE0065413D /* NicknameCase.swift in Sources */ = {isa = PBXBuildFile; fileRef = E07564622C2D0ADE0065413D /* NicknameCase.swift */; };
		E07564652C2D0B060065413D /* CollectionViewCase.swift in Sources */ = {isa = PBXBuildFile; fileRef = E07564642C2D0B060065413D /* CollectionViewCase.swift */; };
		E07564672C2D0B300065413D /* TableViewCase.swift in Sources */ = {isa = PBXBuildFile; fileRef = E07564662C2D0B300065413D /* TableViewCase.swift */; };
		E07564712C2DC33B0065413D /* NetworkCaseProtocol.swift in Sources */ = {isa = PBXBuildFile; fileRef = E07564702C2DC33B0065413D /* NetworkCaseProtocol.swift */; };
		E07564742C2DC46E0065413D /* URLComponentsManager.swift in Sources */ = {isa = PBXBuildFile; fileRef = E07564732C2DC46E0065413D /* URLComponentsManager.swift */; };
		E07564762C2E82D50065413D /* NetworkErrorCase.swift in Sources */ = {isa = PBXBuildFile; fileRef = E07564752C2E82D50065413D /* NetworkErrorCase.swift */; };
		E07564792C2E831A0065413D /* Toast in Frameworks */ = {isa = PBXBuildFile; productRef = E07564782C2E831A0065413D /* Toast */; };
		E075647B2C2FE5450065413D /* URLSeesion + Extension.swift in Sources */ = {isa = PBXBuildFile; fileRef = E075647A2C2FE5450065413D /* URLSeesion + Extension.swift */; };
		E07D8F752C1C522500282A16 /* PaddingLabel.swift in Sources */ = {isa = PBXBuildFile; fileRef = E07D8F742C1C522500282A16 /* PaddingLabel.swift */; };
		E07D8F772C1C653600282A16 /* SearchResult.swift in Sources */ = {isa = PBXBuildFile; fileRef = E07D8F762C1C653600282A16 /* SearchResult.swift */; };
		E07D8F792C1C690800282A16 /* ItemCollectionViewCell.swift in Sources */ = {isa = PBXBuildFile; fileRef = E07D8F782C1C690800282A16 /* ItemCollectionViewCell.swift */; };
		E07D8F7C2C1C6CAD00282A16 /* Kingfisher in Frameworks */ = {isa = PBXBuildFile; productRef = E07D8F7B2C1C6CAD00282A16 /* Kingfisher */; };
		E07D8F802C1C925500282A16 /* DetailViewController.swift in Sources */ = {isa = PBXBuildFile; fileRef = E07D8F7F2C1C925500282A16 /* DetailViewController.swift */; };
		E07D8F822C1CA01000282A16 /* SettingTableViewHeader.swift in Sources */ = {isa = PBXBuildFile; fileRef = E07D8F812C1CA01000282A16 /* SettingTableViewHeader.swift */; };
		E0B0B6F12C1AE7D200A24154 /* AppDelegate.swift in Sources */ = {isa = PBXBuildFile; fileRef = E0B0B6F02C1AE7D200A24154 /* AppDelegate.swift */; };
		E0B0B6F32C1AE7D200A24154 /* SceneDelegate.swift in Sources */ = {isa = PBXBuildFile; fileRef = E0B0B6F22C1AE7D200A24154 /* SceneDelegate.swift */; };
		E0B0B6FA2C1AE7D300A24154 /* Assets.xcassets in Resources */ = {isa = PBXBuildFile; fileRef = E0B0B6F92C1AE7D300A24154 /* Assets.xcassets */; };
		E0B0B6FD2C1AE7D300A24154 /* Base in Resources */ = {isa = PBXBuildFile; fileRef = E0B0B6FC2C1AE7D300A24154 /* Base */; };
		E0B0B7072C1AE80000A24154 /* .gitignore in Resources */ = {isa = PBXBuildFile; fileRef = E0B0B7062C1AE80000A24154 /* .gitignore */; };
		E0B0B7092C1AE88A00A24154 /* MainViewController.swift in Sources */ = {isa = PBXBuildFile; fileRef = E0B0B7082C1AE88A00A24154 /* MainViewController.swift */; };
		E0B0B70C2C1AE8FB00A24154 /* Alamofire in Frameworks */ = {isa = PBXBuildFile; productRef = E0B0B70B2C1AE8FB00A24154 /* Alamofire */; };
		E0B0B7322C1AECF100A24154 /* UserDefaultsManager.swift in Sources */ = {isa = PBXBuildFile; fileRef = E0B0B7312C1AECF100A24154 /* UserDefaultsManager.swift */; };
		E0B0B7342C1AED4800A24154 /* OnboardingViewController.swift in Sources */ = {isa = PBXBuildFile; fileRef = E0B0B7332C1AED4800A24154 /* OnboardingViewController.swift */; };
		E0B0B7362C1AEDB300A24154 /* TabBarController.swift in Sources */ = {isa = PBXBuildFile; fileRef = E0B0B7352C1AEDB300A24154 /* TabBarController.swift */; };
		E0B0B73C2C1AF1D700A24154 /* SettingViewController.swift in Sources */ = {isa = PBXBuildFile; fileRef = E0B0B73B2C1AF1D700A24154 /* SettingViewController.swift */; };
		E0B0B73F2C1AF25A00A24154 /* SnapKit in Frameworks */ = {isa = PBXBuildFile; productRef = E0B0B73E2C1AF25A00A24154 /* SnapKit */; };
		E0B0B7412C1AF37B00A24154 /* SetupView.swift in Sources */ = {isa = PBXBuildFile; fileRef = E0B0B7402C1AF37B00A24154 /* SetupView.swift */; };
		E0B0B7432C1AF59200A24154 /* OnboardingButton.swift in Sources */ = {isa = PBXBuildFile; fileRef = E0B0B7422C1AF59200A24154 /* OnboardingButton.swift */; };
		E0B0B7462C1AF96200A24154 /* ProfileNicknameViewController.swift in Sources */ = {isa = PBXBuildFile; fileRef = E0B0B7452C1AF96200A24154 /* ProfileNicknameViewController.swift */; };
		E0B0B74D2C1AFBC100A24154 /* CustomBorder.swift in Sources */ = {isa = PBXBuildFile; fileRef = E0B0B74C2C1AFBC100A24154 /* CustomBorder.swift */; };
		E0B0B7512C1B012600A24154 /* ProfileImage.swift in Sources */ = {isa = PBXBuildFile; fileRef = E0B0B7502C1B012600A24154 /* ProfileImage.swift */; };
		E0B0B7552C1B0B5100A24154 /* NicknameTextField.swift in Sources */ = {isa = PBXBuildFile; fileRef = E0B0B7542C1B0B5100A24154 /* NicknameTextField.swift */; };
		E0B0B75C2C1B4C4600A24154 /* ProfileViewController.swift in Sources */ = {isa = PBXBuildFile; fileRef = E0B0B75B2C1B4C4600A24154 /* ProfileViewController.swift */; };
		E0B0B75F2C1BF61C00A24154 /* ProfileCollectionViewCell.swift in Sources */ = {isa = PBXBuildFile; fileRef = E0B0B75E2C1BF61C00A24154 /* ProfileCollectionViewCell.swift */; };
		E0B0B7612C1BF7FB00A24154 /* ReusableIdentifier.swift in Sources */ = {isa = PBXBuildFile; fileRef = E0B0B7602C1BF7FB00A24154 /* ReusableIdentifier.swift */; };
		E0B0B7632C1C0FD600A24154 /* ProfileLayerView.swift in Sources */ = {isa = PBXBuildFile; fileRef = E0B0B7622C1C0FD600A24154 /* ProfileLayerView.swift */; };
		E0B0B7692C1C212D00A24154 /* EmptyView.swift in Sources */ = {isa = PBXBuildFile; fileRef = E0B0B7682C1C212D00A24154 /* EmptyView.swift */; };
		E0B0B76C2C1C25B200A24154 /* SearchKeywordsTableViewCell.swift in Sources */ = {isa = PBXBuildFile; fileRef = E0B0B76B2C1C25B200A24154 /* SearchKeywordsTableViewCell.swift */; };
		E0B0B76F2C1C321900A24154 /* SearchViewController.swift in Sources */ = {isa = PBXBuildFile; fileRef = E0B0B76E2C1C321900A24154 /* SearchViewController.swift */; };
		E0B0B7712C1C325C00A24154 /* APIKey.swift in Sources */ = {isa = PBXBuildFile; fileRef = E0B0B7702C1C325C00A24154 /* APIKey.swift */; };
		E0B0B7742C1C3E1500A24154 /* TagCollectionViewCell.swift in Sources */ = {isa = PBXBuildFile; fileRef = E0B0B7732C1C3E1500A24154 /* TagCollectionViewCell.swift */; };
		E0BAE9AA2C247696008F795F /* NetworkService.swift in Sources */ = {isa = PBXBuildFile; fileRef = E0BAE9A92C247696008F795F /* NetworkService.swift */; };
		E0BAE9AC2C253C4C008F795F /* LocalNotification.swift in Sources */ = {isa = PBXBuildFile; fileRef = E0BAE9AB2C253C4C008F795F /* LocalNotification.swift */; };
/* End PBXBuildFile section */

/* Begin PBXFileReference section */
		E029212B2C1D58E800A12B1D /* SettingTableViewCell.swift */ = {isa = PBXFileReference; lastKnownFileType = sourcecode.swift; path = SettingTableViewCell.swift; sourceTree = "<group>"; };
		E029212F2C1D601000A12B1D /* CustomLabel.swift */ = {isa = PBXFileReference; lastKnownFileType = sourcecode.swift; path = CustomLabel.swift; sourceTree = "<group>"; };
		E02921312C1D615100A12B1D /* CustomImageView.swift */ = {isa = PBXFileReference; lastKnownFileType = sourcecode.swift; path = CustomImageView.swift; sourceTree = "<group>"; };
		E02921372C1D7F3E00A12B1D /* UIViewController + Extension.swift */ = {isa = PBXFileReference; lastKnownFileType = sourcecode.swift; path = "UIViewController + Extension.swift"; sourceTree = "<group>"; };
		E037111F2C1EBE6700BDBD5B /* ProfileBadgeView.swift */ = {isa = PBXFileReference; lastKnownFileType = sourcecode.swift; path = ProfileBadgeView.swift; sourceTree = "<group>"; };
		E075645B2C2CE94D0065413D /* NetworkRequestCase.swift */ = {isa = PBXFileReference; lastKnownFileType = sourcecode.swift; path = NetworkRequestCase.swift; sourceTree = "<group>"; };
		E075645E2C2D09070065413D /* AlertCase.swift */ = {isa = PBXFileReference; lastKnownFileType = sourcecode.swift; path = AlertCase.swift; sourceTree = "<group>"; };
		E07564602C2D0A6A0065413D /* ResourceCase.swift */ = {isa = PBXFileReference; lastKnownFileType = sourcecode.swift; path = ResourceCase.swift; sourceTree = "<group>"; };
		E07564622C2D0ADE0065413D /* NicknameCase.swift */ = {isa = PBXFileReference; lastKnownFileType = sourcecode.swift; path = NicknameCase.swift; sourceTree = "<group>"; };
		E07564642C2D0B060065413D /* CollectionViewCase.swift */ = {isa = PBXFileReference; lastKnownFileType = sourcecode.swift; path = CollectionViewCase.swift; sourceTree = "<group>"; };
		E07564662C2D0B300065413D /* TableViewCase.swift */ = {isa = PBXFileReference; lastKnownFileType = sourcecode.swift; path = TableViewCase.swift; sourceTree = "<group>"; };
		E07564702C2DC33B0065413D /* NetworkCaseProtocol.swift */ = {isa = PBXFileReference; lastKnownFileType = sourcecode.swift; path = NetworkCaseProtocol.swift; sourceTree = "<group>"; };
		E07564732C2DC46E0065413D /* URLComponentsManager.swift */ = {isa = PBXFileReference; lastKnownFileType = sourcecode.swift; path = URLComponentsManager.swift; sourceTree = "<group>"; };
		E07564752C2E82D50065413D /* NetworkErrorCase.swift */ = {isa = PBXFileReference; lastKnownFileType = sourcecode.swift; path = NetworkErrorCase.swift; sourceTree = "<group>"; };
		E075647A2C2FE5450065413D /* URLSeesion + Extension.swift */ = {isa = PBXFileReference; lastKnownFileType = sourcecode.swift; path = "URLSeesion + Extension.swift"; sourceTree = "<group>"; };
		E07D8F742C1C522500282A16 /* PaddingLabel.swift */ = {isa = PBXFileReference; lastKnownFileType = sourcecode.swift; path = PaddingLabel.swift; sourceTree = "<group>"; };
		E07D8F762C1C653600282A16 /* SearchResult.swift */ = {isa = PBXFileReference; lastKnownFileType = sourcecode.swift; path = SearchResult.swift; sourceTree = "<group>"; };
		E07D8F782C1C690800282A16 /* ItemCollectionViewCell.swift */ = {isa = PBXFileReference; lastKnownFileType = sourcecode.swift; path = ItemCollectionViewCell.swift; sourceTree = "<group>"; };
		E07D8F7F2C1C925500282A16 /* DetailViewController.swift */ = {isa = PBXFileReference; lastKnownFileType = sourcecode.swift; path = DetailViewController.swift; sourceTree = "<group>"; };
		E07D8F812C1CA01000282A16 /* SettingTableViewHeader.swift */ = {isa = PBXFileReference; lastKnownFileType = sourcecode.swift; path = SettingTableViewHeader.swift; sourceTree = "<group>"; };
		E0B0B6ED2C1AE7D200A24154 /* MeaningOut.app */ = {isa = PBXFileReference; explicitFileType = wrapper.application; includeInIndex = 0; path = MeaningOut.app; sourceTree = BUILT_PRODUCTS_DIR; };
		E0B0B6F02C1AE7D200A24154 /* AppDelegate.swift */ = {isa = PBXFileReference; lastKnownFileType = sourcecode.swift; path = AppDelegate.swift; sourceTree = "<group>"; };
		E0B0B6F22C1AE7D200A24154 /* SceneDelegate.swift */ = {isa = PBXFileReference; lastKnownFileType = sourcecode.swift; path = SceneDelegate.swift; sourceTree = "<group>"; };
		E0B0B6F92C1AE7D300A24154 /* Assets.xcassets */ = {isa = PBXFileReference; lastKnownFileType = folder.assetcatalog; path = Assets.xcassets; sourceTree = "<group>"; };
		E0B0B6FC2C1AE7D300A24154 /* Base */ = {isa = PBXFileReference; lastKnownFileType = file.storyboard; name = Base; path = Base.lproj/LaunchScreen.storyboard; sourceTree = "<group>"; };
		E0B0B6FE2C1AE7D300A24154 /* Info.plist */ = {isa = PBXFileReference; lastKnownFileType = text.plist.xml; path = Info.plist; sourceTree = "<group>"; };
		E0B0B7062C1AE80000A24154 /* .gitignore */ = {isa = PBXFileReference; lastKnownFileType = text; path = .gitignore; sourceTree = "<group>"; };
		E0B0B7082C1AE88A00A24154 /* MainViewController.swift */ = {isa = PBXFileReference; lastKnownFileType = sourcecode.swift; path = MainViewController.swift; sourceTree = "<group>"; };
		E0B0B7312C1AECF100A24154 /* UserDefaultsManager.swift */ = {isa = PBXFileReference; lastKnownFileType = sourcecode.swift; path = UserDefaultsManager.swift; sourceTree = "<group>"; };
		E0B0B7332C1AED4800A24154 /* OnboardingViewController.swift */ = {isa = PBXFileReference; lastKnownFileType = sourcecode.swift; path = OnboardingViewController.swift; sourceTree = "<group>"; };
		E0B0B7352C1AEDB300A24154 /* TabBarController.swift */ = {isa = PBXFileReference; lastKnownFileType = sourcecode.swift; path = TabBarController.swift; sourceTree = "<group>"; };
		E0B0B73B2C1AF1D700A24154 /* SettingViewController.swift */ = {isa = PBXFileReference; lastKnownFileType = sourcecode.swift; path = SettingViewController.swift; sourceTree = "<group>"; };
		E0B0B7402C1AF37B00A24154 /* SetupView.swift */ = {isa = PBXFileReference; lastKnownFileType = sourcecode.swift; path = SetupView.swift; sourceTree = "<group>"; };
		E0B0B7422C1AF59200A24154 /* OnboardingButton.swift */ = {isa = PBXFileReference; lastKnownFileType = sourcecode.swift; path = OnboardingButton.swift; sourceTree = "<group>"; };
		E0B0B7452C1AF96200A24154 /* ProfileNicknameViewController.swift */ = {isa = PBXFileReference; lastKnownFileType = sourcecode.swift; path = ProfileNicknameViewController.swift; sourceTree = "<group>"; };
		E0B0B74C2C1AFBC100A24154 /* CustomBorder.swift */ = {isa = PBXFileReference; lastKnownFileType = sourcecode.swift; path = CustomBorder.swift; sourceTree = "<group>"; };
		E0B0B7502C1B012600A24154 /* ProfileImage.swift */ = {isa = PBXFileReference; lastKnownFileType = sourcecode.swift; path = ProfileImage.swift; sourceTree = "<group>"; };
		E0B0B7542C1B0B5100A24154 /* NicknameTextField.swift */ = {isa = PBXFileReference; lastKnownFileType = sourcecode.swift; path = NicknameTextField.swift; sourceTree = "<group>"; };
		E0B0B75B2C1B4C4600A24154 /* ProfileViewController.swift */ = {isa = PBXFileReference; lastKnownFileType = sourcecode.swift; path = ProfileViewController.swift; sourceTree = "<group>"; };
		E0B0B75E2C1BF61C00A24154 /* ProfileCollectionViewCell.swift */ = {isa = PBXFileReference; lastKnownFileType = sourcecode.swift; path = ProfileCollectionViewCell.swift; sourceTree = "<group>"; };
		E0B0B7602C1BF7FB00A24154 /* ReusableIdentifier.swift */ = {isa = PBXFileReference; lastKnownFileType = sourcecode.swift; path = ReusableIdentifier.swift; sourceTree = "<group>"; };
		E0B0B7622C1C0FD600A24154 /* ProfileLayerView.swift */ = {isa = PBXFileReference; lastKnownFileType = sourcecode.swift; path = ProfileLayerView.swift; sourceTree = "<group>"; };
		E0B0B7682C1C212D00A24154 /* EmptyView.swift */ = {isa = PBXFileReference; lastKnownFileType = sourcecode.swift; path = EmptyView.swift; sourceTree = "<group>"; };
		E0B0B76B2C1C25B200A24154 /* SearchKeywordsTableViewCell.swift */ = {isa = PBXFileReference; lastKnownFileType = sourcecode.swift; path = SearchKeywordsTableViewCell.swift; sourceTree = "<group>"; };
		E0B0B76E2C1C321900A24154 /* SearchViewController.swift */ = {isa = PBXFileReference; lastKnownFileType = sourcecode.swift; path = SearchViewController.swift; sourceTree = "<group>"; };
		E0B0B7702C1C325C00A24154 /* APIKey.swift */ = {isa = PBXFileReference; lastKnownFileType = sourcecode.swift; path = APIKey.swift; sourceTree = "<group>"; };
		E0B0B7732C1C3E1500A24154 /* TagCollectionViewCell.swift */ = {isa = PBXFileReference; lastKnownFileType = sourcecode.swift; path = TagCollectionViewCell.swift; sourceTree = "<group>"; };
		E0BAE9A92C247696008F795F /* NetworkService.swift */ = {isa = PBXFileReference; lastKnownFileType = sourcecode.swift; path = NetworkService.swift; sourceTree = "<group>"; };
		E0BAE9AB2C253C4C008F795F /* LocalNotification.swift */ = {isa = PBXFileReference; lastKnownFileType = sourcecode.swift; path = LocalNotification.swift; sourceTree = "<group>"; };
/* End PBXFileReference section */

/* Begin PBXFrameworksBuildPhase section */
		E0B0B6EA2C1AE7D200A24154 /* Frameworks */ = {
			isa = PBXFrameworksBuildPhase;
			buildActionMask = 2147483647;
			files = (
				E07564792C2E831A0065413D /* Toast in Frameworks */,
				E07D8F7C2C1C6CAD00282A16 /* Kingfisher in Frameworks */,
				E0B0B70C2C1AE8FB00A24154 /* Alamofire in Frameworks */,
				E0B0B73F2C1AF25A00A24154 /* SnapKit in Frameworks */,
			);
			runOnlyForDeploymentPostprocessing = 0;
		};
/* End PBXFrameworksBuildPhase section */

/* Begin PBXGroup section */
		E029212A2C1D58D900A12B1D /* Cell */ = {
			isa = PBXGroup;
			children = (
				E029212B2C1D58E800A12B1D /* SettingTableViewCell.swift */,
			);
			path = Cell;
			sourceTree = "<group>";
		};
		E02921362C1D7F3300A12B1D /* Extension */ = {
			isa = PBXGroup;
			children = (
				E02921372C1D7F3E00A12B1D /* UIViewController + Extension.swift */,
				E075647A2C2FE5450065413D /* URLSeesion + Extension.swift */,
			);
			path = Extension;
			sourceTree = "<group>";
		};
		E03711532C1FF10200BDBD5B /* Profile */ = {
			isa = PBXGroup;
			children = (
				E0B0B75D2C1BF61300A24154 /* Cell */,
				E0B0B7452C1AF96200A24154 /* ProfileNicknameViewController.swift */,
				E0B0B75B2C1B4C4600A24154 /* ProfileViewController.swift */,
			);
			path = Profile;
			sourceTree = "<group>";
		};
		E075645D2C2D08FD0065413D /* Resource */ = {
			isa = PBXGroup;
			children = (
				E075645E2C2D09070065413D /* AlertCase.swift */,
				E07564602C2D0A6A0065413D /* ResourceCase.swift */,
				E07564622C2D0ADE0065413D /* NicknameCase.swift */,
				E07564642C2D0B060065413D /* CollectionViewCase.swift */,
				E07564662C2D0B300065413D /* TableViewCase.swift */,
			);
			path = Resource;
			sourceTree = "<group>";
		};
		E07564682C2D0B650065413D /* Network */ = {
			isa = PBXGroup;
			children = (
				E07564732C2DC46E0065413D /* URLComponentsManager.swift */,
				E075645B2C2CE94D0065413D /* NetworkRequestCase.swift */,
				E0BAE9A92C247696008F795F /* NetworkService.swift */,
				E07564752C2E82D50065413D /* NetworkErrorCase.swift */,
			);
			path = Network;
			sourceTree = "<group>";
		};
		E0B0B6E42C1AE7D200A24154 = {
			isa = PBXGroup;
			children = (
				E0B0B7062C1AE80000A24154 /* .gitignore */,
				E0B0B6EF2C1AE7D200A24154 /* MeaningOut */,
				E0B0B6EE2C1AE7D200A24154 /* Products */,
			);
			sourceTree = "<group>";
		};
		E0B0B6EE2C1AE7D200A24154 /* Products */ = {
			isa = PBXGroup;
			children = (
				E0B0B6ED2C1AE7D200A24154 /* MeaningOut.app */,
			);
			name = Products;
			sourceTree = "<group>";
		};
		E0B0B6EF2C1AE7D200A24154 /* MeaningOut */ = {
			isa = PBXGroup;
			children = (
				E0B0B7312C1AECF100A24154 /* UserDefaultsManager.swift */,
				E0BAE9AB2C253C4C008F795F /* LocalNotification.swift */,
				E07564682C2D0B650065413D /* Network */,
				E075645D2C2D08FD0065413D /* Resource */,
				E02921362C1D7F3300A12B1D /* Extension */,
				E0B0B75A2C1B4BB300A24154 /* Model */,
				E0B0B7472C1AFB5800A24154 /* Protocol */,
				E0B0B73A2C1AF0CC00A24154 /* CustomView */,
				E0B0B7442C1AF94200A24154 /* Onboarding */,
				E03711532C1FF10200BDBD5B /* Profile */,
				E0B0B7492C1AFB7500A24154 /* Main */,
				E0B0B76D2C1C320900A24154 /* Search */,
				E0B0B7482C1AFB6900A24154 /* Setting */,
				E0B0B6F02C1AE7D200A24154 /* AppDelegate.swift */,
				E0B0B6F22C1AE7D200A24154 /* SceneDelegate.swift */,
				E0B0B6F92C1AE7D300A24154 /* Assets.xcassets */,
				E0B0B6FB2C1AE7D300A24154 /* LaunchScreen.storyboard */,
				E0B0B6FE2C1AE7D300A24154 /* Info.plist */,
				E0B0B7702C1C325C00A24154 /* APIKey.swift */,
			);
			path = MeaningOut;
			sourceTree = "<group>";
		};
		E0B0B73A2C1AF0CC00A24154 /* CustomView */ = {
			isa = PBXGroup;
			children = (
				E0B0B7352C1AEDB300A24154 /* TabBarController.swift */,
				E0B0B7422C1AF59200A24154 /* OnboardingButton.swift */,
				E0B0B74C2C1AFBC100A24154 /* CustomBorder.swift */,
				E0B0B7542C1B0B5100A24154 /* NicknameTextField.swift */,
				E0B0B7622C1C0FD600A24154 /* ProfileLayerView.swift */,
				E0B0B7682C1C212D00A24154 /* EmptyView.swift */,
				E07D8F742C1C522500282A16 /* PaddingLabel.swift */,
				E029212F2C1D601000A12B1D /* CustomLabel.swift */,
				E02921312C1D615100A12B1D /* CustomImageView.swift */,
				E037111F2C1EBE6700BDBD5B /* ProfileBadgeView.swift */,
			);
			path = CustomView;
			sourceTree = "<group>";
		};
		E0B0B7442C1AF94200A24154 /* Onboarding */ = {
			isa = PBXGroup;
			children = (
				E0B0B7332C1AED4800A24154 /* OnboardingViewController.swift */,
			);
			path = Onboarding;
			sourceTree = "<group>";
		};
		E0B0B7472C1AFB5800A24154 /* Protocol */ = {
			isa = PBXGroup;
			children = (
				E0B0B7402C1AF37B00A24154 /* SetupView.swift */,
				E0B0B7602C1BF7FB00A24154 /* ReusableIdentifier.swift */,
				E07564702C2DC33B0065413D /* NetworkCaseProtocol.swift */,
			);
			path = Protocol;
			sourceTree = "<group>";
		};
		E0B0B7482C1AFB6900A24154 /* Setting */ = {
			isa = PBXGroup;
			children = (
				E029212A2C1D58D900A12B1D /* Cell */,
				E0B0B73B2C1AF1D700A24154 /* SettingViewController.swift */,
				E07D8F812C1CA01000282A16 /* SettingTableViewHeader.swift */,
			);
			path = Setting;
			sourceTree = "<group>";
		};
		E0B0B7492C1AFB7500A24154 /* Main */ = {
			isa = PBXGroup;
			children = (
				E0B0B76A2C1C258E00A24154 /* Cell */,
				E0B0B7082C1AE88A00A24154 /* MainViewController.swift */,
			);
			path = Main;
			sourceTree = "<group>";
		};
		E0B0B75A2C1B4BB300A24154 /* Model */ = {
			isa = PBXGroup;
			children = (
				E0B0B7502C1B012600A24154 /* ProfileImage.swift */,
				E07D8F762C1C653600282A16 /* SearchResult.swift */,
			);
			path = Model;
			sourceTree = "<group>";
		};
		E0B0B75D2C1BF61300A24154 /* Cell */ = {
			isa = PBXGroup;
			children = (
				E0B0B75E2C1BF61C00A24154 /* ProfileCollectionViewCell.swift */,
			);
			path = Cell;
			sourceTree = "<group>";
		};
		E0B0B76A2C1C258E00A24154 /* Cell */ = {
			isa = PBXGroup;
			children = (
				E0B0B76B2C1C25B200A24154 /* SearchKeywordsTableViewCell.swift */,
			);
			path = Cell;
			sourceTree = "<group>";
		};
		E0B0B76D2C1C320900A24154 /* Search */ = {
			isa = PBXGroup;
			children = (
				E0B0B7722C1C3DFB00A24154 /* Cell */,
				E0B0B76E2C1C321900A24154 /* SearchViewController.swift */,
				E07D8F7F2C1C925500282A16 /* DetailViewController.swift */,
			);
			path = Search;
			sourceTree = "<group>";
		};
		E0B0B7722C1C3DFB00A24154 /* Cell */ = {
			isa = PBXGroup;
			children = (
				E0B0B7732C1C3E1500A24154 /* TagCollectionViewCell.swift */,
				E07D8F782C1C690800282A16 /* ItemCollectionViewCell.swift */,
			);
			path = Cell;
			sourceTree = "<group>";
		};
/* End PBXGroup section */

/* Begin PBXNativeTarget section */
		E0B0B6EC2C1AE7D200A24154 /* MeaningOut */ = {
			isa = PBXNativeTarget;
			buildConfigurationList = E0B0B7012C1AE7D300A24154 /* Build configuration list for PBXNativeTarget "MeaningOut" */;
			buildPhases = (
				E0B0B6E92C1AE7D200A24154 /* Sources */,
				E0B0B6EA2C1AE7D200A24154 /* Frameworks */,
				E0B0B6EB2C1AE7D200A24154 /* Resources */,
			);
			buildRules = (
			);
			dependencies = (
			);
			name = MeaningOut;
			packageProductDependencies = (
				E0B0B70B2C1AE8FB00A24154 /* Alamofire */,
				E0B0B73E2C1AF25A00A24154 /* SnapKit */,
				E07D8F7B2C1C6CAD00282A16 /* Kingfisher */,
				E07564782C2E831A0065413D /* Toast */,
			);
			productName = MeaningOut;
			productReference = E0B0B6ED2C1AE7D200A24154 /* MeaningOut.app */;
			productType = "com.apple.product-type.application";
		};
/* End PBXNativeTarget section */

/* Begin PBXProject section */
		E0B0B6E52C1AE7D200A24154 /* Project object */ = {
			isa = PBXProject;
			attributes = {
				BuildIndependentTargetsInParallel = 1;
				LastSwiftUpdateCheck = 1530;
				LastUpgradeCheck = 1530;
				TargetAttributes = {
					E0B0B6EC2C1AE7D200A24154 = {
						CreatedOnToolsVersion = 15.3;
					};
				};
			};
			buildConfigurationList = E0B0B6E82C1AE7D200A24154 /* Build configuration list for PBXProject "MeaningOut" */;
			compatibilityVersion = "Xcode 14.0";
			developmentRegion = en;
			hasScannedForEncodings = 0;
			knownRegions = (
				en,
				Base,
			);
			mainGroup = E0B0B6E42C1AE7D200A24154;
			packageReferences = (
				E0B0B70A2C1AE8FB00A24154 /* XCRemoteSwiftPackageReference "Alamofire" */,
				E0B0B73D2C1AF25A00A24154 /* XCRemoteSwiftPackageReference "SnapKit" */,
				E07D8F7A2C1C6CAD00282A16 /* XCRemoteSwiftPackageReference "Kingfisher" */,
				E037114E2C1FE8F100BDBD5B /* XCRemoteSwiftPackageReference "SkeletonView" */,
				E07564772C2E831A0065413D /* XCRemoteSwiftPackageReference "Toast-Swift" */,
			);
			productRefGroup = E0B0B6EE2C1AE7D200A24154 /* Products */;
			projectDirPath = "";
			projectRoot = "";
			targets = (
				E0B0B6EC2C1AE7D200A24154 /* MeaningOut */,
			);
		};
/* End PBXProject section */

/* Begin PBXResourcesBuildPhase section */
		E0B0B6EB2C1AE7D200A24154 /* Resources */ = {
			isa = PBXResourcesBuildPhase;
			buildActionMask = 2147483647;
			files = (
				E0B0B7072C1AE80000A24154 /* .gitignore in Resources */,
				E0B0B6FA2C1AE7D300A24154 /* Assets.xcassets in Resources */,
				E0B0B6FD2C1AE7D300A24154 /* Base in Resources */,
			);
			runOnlyForDeploymentPostprocessing = 0;
		};
/* End PBXResourcesBuildPhase section */

/* Begin PBXSourcesBuildPhase section */
		E0B0B6E92C1AE7D200A24154 /* Sources */ = {
			isa = PBXSourcesBuildPhase;
			buildActionMask = 2147483647;
			files = (
				E0B0B7432C1AF59200A24154 /* OnboardingButton.swift in Sources */,
				E0B0B7462C1AF96200A24154 /* ProfileNicknameViewController.swift in Sources */,
				E075645C2C2CE94D0065413D /* NetworkRequestCase.swift in Sources */,
				E0B0B7092C1AE88A00A24154 /* MainViewController.swift in Sources */,
				E075647B2C2FE5450065413D /* URLSeesion + Extension.swift in Sources */,
				E0B0B6F12C1AE7D200A24154 /* AppDelegate.swift in Sources */,
				E0B0B7552C1B0B5100A24154 /* NicknameTextField.swift in Sources */,
				E0B0B75C2C1B4C4600A24154 /* ProfileViewController.swift in Sources */,
				E029212C2C1D58E800A12B1D /* SettingTableViewCell.swift in Sources */,
				E0B0B7742C1C3E1500A24154 /* TagCollectionViewCell.swift in Sources */,
				E07564762C2E82D50065413D /* NetworkErrorCase.swift in Sources */,
				E0B0B7712C1C325C00A24154 /* APIKey.swift in Sources */,
				E02921322C1D615100A12B1D /* CustomImageView.swift in Sources */,
				E0B0B7342C1AED4800A24154 /* OnboardingViewController.swift in Sources */,
				E0B0B7612C1BF7FB00A24154 /* ReusableIdentifier.swift in Sources */,
				E0B0B7632C1C0FD600A24154 /* ProfileLayerView.swift in Sources */,
				E0B0B73C2C1AF1D700A24154 /* SettingViewController.swift in Sources */,
				E07D8F822C1CA01000282A16 /* SettingTableViewHeader.swift in Sources */,
				E07D8F772C1C653600282A16 /* SearchResult.swift in Sources */,
				E07D8F752C1C522500282A16 /* PaddingLabel.swift in Sources */,
				E02921302C1D601000A12B1D /* CustomLabel.swift in Sources */,
				E0BAE9AC2C253C4C008F795F /* LocalNotification.swift in Sources */,
				E0B0B7412C1AF37B00A24154 /* SetupView.swift in Sources */,
				E0B0B7362C1AEDB300A24154 /* TabBarController.swift in Sources */,
				E0B0B7512C1B012600A24154 /* ProfileImage.swift in Sources */,
				E07564632C2D0ADE0065413D /* NicknameCase.swift in Sources */,
				E07564612C2D0A6A0065413D /* ResourceCase.swift in Sources */,
				E02921382C1D7F3E00A12B1D /* UIViewController + Extension.swift in Sources */,
				E0BAE9AA2C247696008F795F /* NetworkService.swift in Sources */,
				E0B0B7322C1AECF100A24154 /* UserDefaultsManager.swift in Sources */,
				E0B0B6F32C1AE7D200A24154 /* SceneDelegate.swift in Sources */,
				E0B0B76F2C1C321900A24154 /* SearchViewController.swift in Sources */,
				E07564652C2D0B060065413D /* CollectionViewCase.swift in Sources */,
				E03711202C1EBE6700BDBD5B /* ProfileBadgeView.swift in Sources */,
				E0B0B74D2C1AFBC100A24154 /* CustomBorder.swift in Sources */,
				E0B0B75F2C1BF61C00A24154 /* ProfileCollectionViewCell.swift in Sources */,
				E0B0B76C2C1C25B200A24154 /* SearchKeywordsTableViewCell.swift in Sources */,
				E07564672C2D0B300065413D /* TableViewCase.swift in Sources */,
				E075645F2C2D09070065413D /* AlertCase.swift in Sources */,
				E0B0B7692C1C212D00A24154 /* EmptyView.swift in Sources */,
				E07564712C2DC33B0065413D /* NetworkCaseProtocol.swift in Sources */,
				E07D8F792C1C690800282A16 /* ItemCollectionViewCell.swift in Sources */,
				E07D8F802C1C925500282A16 /* DetailViewController.swift in Sources */,
				E07564742C2DC46E0065413D /* URLComponentsManager.swift in Sources */,
			);
			runOnlyForDeploymentPostprocessing = 0;
		};
/* End PBXSourcesBuildPhase section */

/* Begin PBXVariantGroup section */
		E0B0B6FB2C1AE7D300A24154 /* LaunchScreen.storyboard */ = {
			isa = PBXVariantGroup;
			children = (
				E0B0B6FC2C1AE7D300A24154 /* Base */,
			);
			name = LaunchScreen.storyboard;
			sourceTree = "<group>";
		};
/* End PBXVariantGroup section */

/* Begin XCBuildConfiguration section */
		E0B0B6FF2C1AE7D300A24154 /* Debug */ = {
			isa = XCBuildConfiguration;
			buildSettings = {
				ALWAYS_SEARCH_USER_PATHS = NO;
				ASSETCATALOG_COMPILER_GENERATE_SWIFT_ASSET_SYMBOL_EXTENSIONS = YES;
				CLANG_ANALYZER_NONNULL = YES;
				CLANG_ANALYZER_NUMBER_OBJECT_CONVERSION = YES_AGGRESSIVE;
				CLANG_CXX_LANGUAGE_STANDARD = "gnu++20";
				CLANG_ENABLE_MODULES = YES;
				CLANG_ENABLE_OBJC_ARC = YES;
				CLANG_ENABLE_OBJC_WEAK = YES;
				CLANG_WARN_BLOCK_CAPTURE_AUTORELEASING = YES;
				CLANG_WARN_BOOL_CONVERSION = YES;
				CLANG_WARN_COMMA = YES;
				CLANG_WARN_CONSTANT_CONVERSION = YES;
				CLANG_WARN_DEPRECATED_OBJC_IMPLEMENTATIONS = YES;
				CLANG_WARN_DIRECT_OBJC_ISA_USAGE = YES_ERROR;
				CLANG_WARN_DOCUMENTATION_COMMENTS = YES;
				CLANG_WARN_EMPTY_BODY = YES;
				CLANG_WARN_ENUM_CONVERSION = YES;
				CLANG_WARN_INFINITE_RECURSION = YES;
				CLANG_WARN_INT_CONVERSION = YES;
				CLANG_WARN_NON_LITERAL_NULL_CONVERSION = YES;
				CLANG_WARN_OBJC_IMPLICIT_RETAIN_SELF = YES;
				CLANG_WARN_OBJC_LITERAL_CONVERSION = YES;
				CLANG_WARN_OBJC_ROOT_CLASS = YES_ERROR;
				CLANG_WARN_QUOTED_INCLUDE_IN_FRAMEWORK_HEADER = YES;
				CLANG_WARN_RANGE_LOOP_ANALYSIS = YES;
				CLANG_WARN_STRICT_PROTOTYPES = YES;
				CLANG_WARN_SUSPICIOUS_MOVE = YES;
				CLANG_WARN_UNGUARDED_AVAILABILITY = YES_AGGRESSIVE;
				CLANG_WARN_UNREACHABLE_CODE = YES;
				CLANG_WARN__DUPLICATE_METHOD_MATCH = YES;
				COPY_PHASE_STRIP = NO;
				DEBUG_INFORMATION_FORMAT = dwarf;
				ENABLE_STRICT_OBJC_MSGSEND = YES;
				ENABLE_TESTABILITY = YES;
				ENABLE_USER_SCRIPT_SANDBOXING = YES;
				GCC_C_LANGUAGE_STANDARD = gnu17;
				GCC_DYNAMIC_NO_PIC = NO;
				GCC_NO_COMMON_BLOCKS = YES;
				GCC_OPTIMIZATION_LEVEL = 0;
				GCC_PREPROCESSOR_DEFINITIONS = (
					"DEBUG=1",
					"$(inherited)",
				);
				GCC_WARN_64_TO_32_BIT_CONVERSION = YES;
				GCC_WARN_ABOUT_RETURN_TYPE = YES_ERROR;
				GCC_WARN_UNDECLARED_SELECTOR = YES;
				GCC_WARN_UNINITIALIZED_AUTOS = YES_AGGRESSIVE;
				GCC_WARN_UNUSED_FUNCTION = YES;
				GCC_WARN_UNUSED_VARIABLE = YES;
				IPHONEOS_DEPLOYMENT_TARGET = 15.0;
				LOCALIZATION_PREFERS_STRING_CATALOGS = YES;
				MTL_ENABLE_DEBUG_INFO = INCLUDE_SOURCE;
				MTL_FAST_MATH = YES;
				ONLY_ACTIVE_ARCH = YES;
				SDKROOT = iphoneos;
				SWIFT_ACTIVE_COMPILATION_CONDITIONS = "DEBUG $(inherited)";
				SWIFT_OPTIMIZATION_LEVEL = "-Onone";
			};
			name = Debug;
		};
		E0B0B7002C1AE7D300A24154 /* Release */ = {
			isa = XCBuildConfiguration;
			buildSettings = {
				ALWAYS_SEARCH_USER_PATHS = NO;
				ASSETCATALOG_COMPILER_GENERATE_SWIFT_ASSET_SYMBOL_EXTENSIONS = YES;
				CLANG_ANALYZER_NONNULL = YES;
				CLANG_ANALYZER_NUMBER_OBJECT_CONVERSION = YES_AGGRESSIVE;
				CLANG_CXX_LANGUAGE_STANDARD = "gnu++20";
				CLANG_ENABLE_MODULES = YES;
				CLANG_ENABLE_OBJC_ARC = YES;
				CLANG_ENABLE_OBJC_WEAK = YES;
				CLANG_WARN_BLOCK_CAPTURE_AUTORELEASING = YES;
				CLANG_WARN_BOOL_CONVERSION = YES;
				CLANG_WARN_COMMA = YES;
				CLANG_WARN_CONSTANT_CONVERSION = YES;
				CLANG_WARN_DEPRECATED_OBJC_IMPLEMENTATIONS = YES;
				CLANG_WARN_DIRECT_OBJC_ISA_USAGE = YES_ERROR;
				CLANG_WARN_DOCUMENTATION_COMMENTS = YES;
				CLANG_WARN_EMPTY_BODY = YES;
				CLANG_WARN_ENUM_CONVERSION = YES;
				CLANG_WARN_INFINITE_RECURSION = YES;
				CLANG_WARN_INT_CONVERSION = YES;
				CLANG_WARN_NON_LITERAL_NULL_CONVERSION = YES;
				CLANG_WARN_OBJC_IMPLICIT_RETAIN_SELF = YES;
				CLANG_WARN_OBJC_LITERAL_CONVERSION = YES;
				CLANG_WARN_OBJC_ROOT_CLASS = YES_ERROR;
				CLANG_WARN_QUOTED_INCLUDE_IN_FRAMEWORK_HEADER = YES;
				CLANG_WARN_RANGE_LOOP_ANALYSIS = YES;
				CLANG_WARN_STRICT_PROTOTYPES = YES;
				CLANG_WARN_SUSPICIOUS_MOVE = YES;
				CLANG_WARN_UNGUARDED_AVAILABILITY = YES_AGGRESSIVE;
				CLANG_WARN_UNREACHABLE_CODE = YES;
				CLANG_WARN__DUPLICATE_METHOD_MATCH = YES;
				COPY_PHASE_STRIP = NO;
				DEBUG_INFORMATION_FORMAT = "dwarf-with-dsym";
				ENABLE_NS_ASSERTIONS = NO;
				ENABLE_STRICT_OBJC_MSGSEND = YES;
				ENABLE_USER_SCRIPT_SANDBOXING = YES;
				GCC_C_LANGUAGE_STANDARD = gnu17;
				GCC_NO_COMMON_BLOCKS = YES;
				GCC_WARN_64_TO_32_BIT_CONVERSION = YES;
				GCC_WARN_ABOUT_RETURN_TYPE = YES_ERROR;
				GCC_WARN_UNDECLARED_SELECTOR = YES;
				GCC_WARN_UNINITIALIZED_AUTOS = YES_AGGRESSIVE;
				GCC_WARN_UNUSED_FUNCTION = YES;
				GCC_WARN_UNUSED_VARIABLE = YES;
				IPHONEOS_DEPLOYMENT_TARGET = 15.0;
				LOCALIZATION_PREFERS_STRING_CATALOGS = YES;
				MTL_ENABLE_DEBUG_INFO = NO;
				MTL_FAST_MATH = YES;
				SDKROOT = iphoneos;
				SWIFT_COMPILATION_MODE = wholemodule;
				VALIDATE_PRODUCT = YES;
			};
			name = Release;
		};
		E0B0B7022C1AE7D300A24154 /* Debug */ = {
			isa = XCBuildConfiguration;
			buildSettings = {
				ASSETCATALOG_COMPILER_APPICON_NAME = AppIcon;
				ASSETCATALOG_COMPILER_GLOBAL_ACCENT_COLOR_NAME = AccentColor;
				CODE_SIGN_STYLE = Automatic;
				CURRENT_PROJECT_VERSION = 1;
				DEVELOPMENT_TEAM = L348QC8MG7;
				GENERATE_INFOPLIST_FILE = YES;
				INFOPLIST_FILE = MeaningOut/Info.plist;
				INFOPLIST_KEY_CFBundleDisplayName = "김정윤";
				INFOPLIST_KEY_UIApplicationSupportsIndirectInputEvents = YES;
				INFOPLIST_KEY_UILaunchStoryboardName = LaunchScreen;
				INFOPLIST_KEY_UISupportedInterfaceOrientations = UIInterfaceOrientationPortrait;
				INFOPLIST_KEY_UISupportedInterfaceOrientations_iPad = UIInterfaceOrientationPortrait;
				IPHONEOS_DEPLOYMENT_TARGET = 15.0;
				LD_RUNPATH_SEARCH_PATHS = (
					"$(inherited)",
					"@executable_path/Frameworks",
				);
				MARKETING_VERSION = 1.0;
				PRODUCT_BUNDLE_IDENTIFIER = jeongyun.MeaningOut;
				PRODUCT_NAME = "$(TARGET_NAME)";
				SUPPORTED_PLATFORMS = "iphoneos iphonesimulator";
				SUPPORTS_MACCATALYST = NO;
				SUPPORTS_MAC_DESIGNED_FOR_IPHONE_IPAD = NO;
				SUPPORTS_XR_DESIGNED_FOR_IPHONE_IPAD = NO;
				SWIFT_EMIT_LOC_STRINGS = YES;
				SWIFT_VERSION = 5.0;
				TARGETED_DEVICE_FAMILY = 1;
			};
			name = Debug;
		};
		E0B0B7032C1AE7D300A24154 /* Release */ = {
			isa = XCBuildConfiguration;
			buildSettings = {
				ASSETCATALOG_COMPILER_APPICON_NAME = AppIcon;
				ASSETCATALOG_COMPILER_GLOBAL_ACCENT_COLOR_NAME = AccentColor;
				CODE_SIGN_STYLE = Automatic;
				CURRENT_PROJECT_VERSION = 1;
				DEVELOPMENT_TEAM = L348QC8MG7;
				GENERATE_INFOPLIST_FILE = YES;
				INFOPLIST_FILE = MeaningOut/Info.plist;
				INFOPLIST_KEY_CFBundleDisplayName = "김정윤";
				INFOPLIST_KEY_UIApplicationSupportsIndirectInputEvents = YES;
				INFOPLIST_KEY_UILaunchStoryboardName = LaunchScreen;
				INFOPLIST_KEY_UISupportedInterfaceOrientations = UIInterfaceOrientationPortrait;
				INFOPLIST_KEY_UISupportedInterfaceOrientations_iPad = UIInterfaceOrientationPortrait;
				IPHONEOS_DEPLOYMENT_TARGET = 15.0;
				LD_RUNPATH_SEARCH_PATHS = (
					"$(inherited)",
					"@executable_path/Frameworks",
				);
				MARKETING_VERSION = 1.0;
				PRODUCT_BUNDLE_IDENTIFIER = jeongyun.MeaningOut;
				PRODUCT_NAME = "$(TARGET_NAME)";
				SUPPORTED_PLATFORMS = "iphoneos iphonesimulator";
				SUPPORTS_MACCATALYST = NO;
				SUPPORTS_MAC_DESIGNED_FOR_IPHONE_IPAD = NO;
				SUPPORTS_XR_DESIGNED_FOR_IPHONE_IPAD = NO;
				SWIFT_EMIT_LOC_STRINGS = YES;
				SWIFT_VERSION = 5.0;
				TARGETED_DEVICE_FAMILY = 1;
			};
			name = Release;
		};
/* End XCBuildConfiguration section */

/* Begin XCConfigurationList section */
		E0B0B6E82C1AE7D200A24154 /* Build configuration list for PBXProject "MeaningOut" */ = {
			isa = XCConfigurationList;
			buildConfigurations = (
				E0B0B6FF2C1AE7D300A24154 /* Debug */,
				E0B0B7002C1AE7D300A24154 /* Release */,
			);
			defaultConfigurationIsVisible = 0;
			defaultConfigurationName = Release;
		};
		E0B0B7012C1AE7D300A24154 /* Build configuration list for PBXNativeTarget "MeaningOut" */ = {
			isa = XCConfigurationList;
			buildConfigurations = (
				E0B0B7022C1AE7D300A24154 /* Debug */,
				E0B0B7032C1AE7D300A24154 /* Release */,
			);
			defaultConfigurationIsVisible = 0;
			defaultConfigurationName = Release;
		};
/* End XCConfigurationList section */

/* Begin XCRemoteSwiftPackageReference section */
		E037114E2C1FE8F100BDBD5B /* XCRemoteSwiftPackageReference "SkeletonView" */ = {
			isa = XCRemoteSwiftPackageReference;
			repositoryURL = "https://github.com/Juanpe/SkeletonView.git";
			requirement = {
				kind = upToNextMajorVersion;
				minimumVersion = 1.31.0;
			};
		};
		E07564772C2E831A0065413D /* XCRemoteSwiftPackageReference "Toast-Swift" */ = {
			isa = XCRemoteSwiftPackageReference;
			repositoryURL = "https://github.com/scalessec/Toast-Swift";
			requirement = {
				kind = upToNextMajorVersion;
				minimumVersion = 5.1.1;
			};
		};
		E07D8F7A2C1C6CAD00282A16 /* XCRemoteSwiftPackageReference "Kingfisher" */ = {
			isa = XCRemoteSwiftPackageReference;
			repositoryURL = "https://github.com/onevcat/Kingfisher.git";
			requirement = {
				kind = upToNextMajorVersion;
				minimumVersion = 7.12.0;
			};
		};
		E0B0B70A2C1AE8FB00A24154 /* XCRemoteSwiftPackageReference "Alamofire" */ = {
			isa = XCRemoteSwiftPackageReference;
			repositoryURL = "https://github.com/Alamofire/Alamofire";
			requirement = {
				kind = upToNextMajorVersion;
				minimumVersion = 5.9.1;
			};
		};
		E0B0B73D2C1AF25A00A24154 /* XCRemoteSwiftPackageReference "SnapKit" */ = {
			isa = XCRemoteSwiftPackageReference;
			repositoryURL = "https://github.com/SnapKit/SnapKit";
			requirement = {
				kind = upToNextMajorVersion;
				minimumVersion = 5.7.1;
			};
		};
/* End XCRemoteSwiftPackageReference section */

/* Begin XCSwiftPackageProductDependency section */
		E07564782C2E831A0065413D /* Toast */ = {
			isa = XCSwiftPackageProductDependency;
			package = E07564772C2E831A0065413D /* XCRemoteSwiftPackageReference "Toast-Swift" */;
			productName = Toast;
		};
		E07D8F7B2C1C6CAD00282A16 /* Kingfisher */ = {
			isa = XCSwiftPackageProductDependency;
			package = E07D8F7A2C1C6CAD00282A16 /* XCRemoteSwiftPackageReference "Kingfisher" */;
			productName = Kingfisher;
		};
		E0B0B70B2C1AE8FB00A24154 /* Alamofire */ = {
			isa = XCSwiftPackageProductDependency;
			package = E0B0B70A2C1AE8FB00A24154 /* XCRemoteSwiftPackageReference "Alamofire" */;
			productName = Alamofire;
		};
		E0B0B73E2C1AF25A00A24154 /* SnapKit */ = {
			isa = XCSwiftPackageProductDependency;
			package = E0B0B73D2C1AF25A00A24154 /* XCRemoteSwiftPackageReference "SnapKit" */;
			productName = SnapKit;
		};
/* End XCSwiftPackageProductDependency section */
	};
	rootObject = E0B0B6E52C1AE7D200A24154 /* Project object */;
}
